# DO NOT EDIT MANUALLY - Managed by Fern Replay
version: "1.0"
generations:
  - commit_sha: 5d57d7d7eb7eb33915350173ab0e037250822326
    tree_hash: e610ddf813c5ed6dcc728450c4aa44186d2a81bc
    timestamp: 2026-09-24T20:23:47.294Z
    cli_version: unknown
    generator_versions: {}
current_generation: 5d57d7d7eb7eb33915350173ab0e037250822326
patches: []
